{
  "name": "restful-api",
  "version": "1.0.0",
  "lockfileVersion": 2,
  "requires": true,
  "packages": {
    "": {
      "name": "restful-api",
      "version": "1.0.0",
      "dependencies": {
        "express": "^4.17.1"
      }
    },
    "node_modules/accepts": {
      "version": "1.3.8",
      "resolved": "https://registry.npmjs.org/accepts/-/accepts-1.3.8.tgz",
      "integrity": "sha512-cSB6Pz582Gv5G+bc4MC+BRQEdTvZXUq9OVvlsUsW1/+vcsEUn0Lzcw/e7ynl/peT92tZF2xsXP0nKz6XtZwOKg==",
      "dependencies": {
        "mime-types": "~2.1.34",
        "negotiator": "0.6.3"
      }
    },
    "node_modules/array-flatten": {
      "version": "1.1.1",
      "resolved": "https://registry.npmjs.org/array-flatten/-/array-flatten-1.1.1.tgz",
      "integrity": "sha512-PCVAQTT7/XP04wqGI5iZ+BapP2u+eDhuPewOXNCaCbx6dVJ9AXTWJgSmgTtWCTaJo9t5hYY1KefF1fTPOsdr7A==",
      "dev": true
    },
    "node_modules/body-parser": {
      "version": "1.19.2",
      "resolved": "https://registry.npmjs.org/body-parser/-/body-parser-1.19.2.tgz",
      "integrity": "sha512-24P/qH/n/7MURqsKewX2sUVbqKyNCP1w5Z98m3P9uXOSuIj9XzQdEVW+ybOt1IcUjzQpQygfVjUBISrFHyyt+g==",
      "dependencies": {
        "bytes": "3.1.2",
        "content-type": "~1.0.4",
        "debug": "2.6.9",
        "depd": "~1.1.2",
        "http-errors": "1.7.3",
        "iconv-lite": "0.4.24",
        "on-finished": "2.3.0",
        "qs": "6.7.0",
        "raw-body": "2.4.1",
        "safe-buffer": "5.1.2",
        "type-is": "~1.6.18"
      }
    },
    "node_modules/express": {
      "version": "4.17.3",
      "resolved": "https://registry.npmjs.org/express/-/express-4.17.3.tgz",
      "integrity": "sha512-YGhoD6DBb6qXboeYFrrE3jWyrg6C5FUyK1BrwOeJ+/nm1J+V8ro39HgGEBoK4Cs+SSaCEszNq4OnGDA+kRVk8w==",
      "dependencies": {
        "accepts": "~1.3.8",
        "array-flatten": "1.1.1",
        "body-parser": "1.19.2",
        "content-disposition": "0.5.4",
        "cookie": "0.4.1",
        "cookie-signature": "1.0.6",
        "debug": "2.6.9",
        "depd": "~1.1.2",
        "encodeurl": "~1.0.2",
        "escape-html": "~1.0.3",
        "etag": "~1.8.1",
        "finalhandler": "1.1.2",
        "fresh": "0.5.2",
        "merge-descriptors": "1.0.1",
        "methods": "~1.1.2",
        "on-finished": "2.3.0",
        "parseurl": "~1.3.3",
        "path-to-regexp": "0.1.7",
        "proxy-addr": "~2.0.7",
        "qs": "6.9.7",
        "range-parser": "~1.2.1",
        "safe-buffer": "5.2.1",
        "send": "0.17.3",
        "serve-static": "1.14.2",
        "setprototypeof": "1.1.1",
        "statuses": "~1.5.0",
        "type-is": "~1.6.18",
        "utils-merge": "1.0.1",
        "vary": "~1.1.2"
      }
    }
  },
  "dependencies": {
    "accepts": {
      "version": "1.3.8",
      "resolved": "https://registry.npmjs.org/accepts/-/accepts-1.3.8.tgz",
      "integrity": "sha512-cSB6Pz582Gv5G+bc4MC+BRQEdTvZXUq9OVvlsUsW1/+vcsEUn0Lzcw/e7ynl/peT92tZF2xsXP0nKz6XtZwOKg=="
    },
    "array-flatten": {
      "version": "1.1.1",
      "resolved": "https://registry.npmjs.org/array-flatten/-/array-flatten-1.1.1.tgz",
      "integrity": "sha512-PCVAQTT7/XP04wqGI5iZ+BapP2u+eDhuPewOXNCaCbx6dVJ9AXTWJgSmgTtWCTaJo9t5hYY1KefF1fTPOsdr7A=="
    },
    "body-parser": {
      "version": "1.19.2",
      "resolved": "https://registry.npmjs.org/body-parser/-/body-parser-1.19.2.tgz",
      "integrity": "sha512-24P/qH/n/7MURqsKewX2sUVbqKyNCP1w5Z98m3P9uXOSuIj9XzQdEVW+ybOt1IcUjzQpQygfVjUBISrFHyyt+g=="
    },
    "express": {
      "version": "4.17.3",
      "resolved": "https://registry.npmjs.org/express/-/express-4.17.3.tgz",
      "integrity": "sha512-YGhoD6DBb6qXboeYFrrE3jWyrg6C5FUyK1BrwOeJ+/nm1J+V8ro39HgGEBoK4Cs+SSaCEszNq4OnGDA+kRVk8w=="
    }
  }
}
